
Microsoft Visual Studio Solution File, Format Version 12.00
# Visual Studio 14
VisualStudioVersion = 14.0.25123.0
MinimumVisualStudioVersion = 10.0.40219.1
Project("{FAE04EC0-301F-11D3-BF4B-00C04F79EFBC}") = "Mariusz_Stefan", "Mariusz_Stefan\Mariusz_Stefan.csproj", "{DB82DF7A-FD0D-4E12-A218-81D77A18A201}"
EndProject
Global
	GlobalSection(SolutionConfigurationPlatforms) = preSolution
		Debug|Any CPU = Debug|Any CPU
		Release|Any CPU = Release|Any CPU
	EndGlobalSection
	GlobalSection(ProjectConfigurationPlatforms) = postSolution
		{DB82DF7A-FD0D-4E12-A218-81D77A18A201}.Debug|Any CPU.ActiveCfg = Debug|Any CPU
		{DB82DF7A-FD0D-4E12-A218-81D77A18A201}.Debug|Any CPU.Build.0 = Debug|Any CPU
		{DB82DF7A-FD0D-4E12-A218-81D77A18A201}.Release|Any CPU.ActiveCfg = Release|Any CPU
		{DB82DF7A-FD0D-4E12-A218-81D77A18A201}.Release|Any CPU.Build.0 = Release|Any CPU
	EndGlobalSection
	GlobalSection(SolutionProperties) = preSolution
		HideSolutionNode = FALSE
	EndGlobalSection
EndGlobal
